
Microsoft Visual Studio Solution File, Format Version 12.00
# Visual Studio 15
VisualStudioVersion = 15.0.26730.12
MinimumVisualStudioVersion = 10.0.40219.1
Project("{FAE04EC0-301F-11D3-BF4B-00C04F79EFBC}") = "DragRacing", "DragRacing\DragRacing.csproj", "{45449859-7427-4F8F-BE19-0D43F0711523}"
EndProject
Global
	GlobalSection(SolutionConfigurationPlatforms) = preSolution
		Debug|Any CPU = Debug|Any CPU
		Release|Any CPU = Release|Any CPU
	EndGlobalSection
	GlobalSection(ProjectConfigurationPlatforms) = postSolution
		{45449859-7427-4F8F-BE19-0D43F0711523}.Debug|Any CPU.ActiveCfg = Debug|Any CPU
		{45449859-7427-4F8F-BE19-0D43F0711523}.Debug|Any CPU.Build.0 = Debug|Any CPU
		{45449859-7427-4F8F-BE19-0D43F0711523}.Release|Any CPU.ActiveCfg = Release|Any CPU
		{45449859-7427-4F8F-BE19-0D43F0711523}.Release|Any CPU.Build.0 = Release|Any CPU
	EndGlobalSection
	GlobalSection(SolutionProperties) = preSolution
		HideSolutionNode = FALSE
	EndGlobalSection
	GlobalSection(ExtensibilityGlobals) = postSolution
		SolutionGuid = {FFFBF78D-3769-459C-9BD6-8E02ABAE36D0}
	EndGlobalSection
EndGlobal
