
Microsoft Visual Studio Solution File, Format Version 12.00
# Visual Studio 15
VisualStudioVersion = 15.0.27130.2036
MinimumVisualStudioVersion = 10.0.40219.1
Project("{FAE04EC0-301F-11D3-BF4B-00C04F79EFBC}") = "ThreadSyncAssign", "ThreadSyncAssign\ThreadSyncAssign.csproj", "{379EB7DA-724D-47C2-BD21-D0F5BE3F1D02}"
EndProject
Global
	GlobalSection(SolutionConfigurationPlatforms) = preSolution
		Debug|Any CPU = Debug|Any CPU
		Release|Any CPU = Release|Any CPU
	EndGlobalSection
	GlobalSection(ProjectConfigurationPlatforms) = postSolution
		{379EB7DA-724D-47C2-BD21-D0F5BE3F1D02}.Debug|Any CPU.ActiveCfg = Debug|Any CPU
		{379EB7DA-724D-47C2-BD21-D0F5BE3F1D02}.Debug|Any CPU.Build.0 = Debug|Any CPU
		{379EB7DA-724D-47C2-BD21-D0F5BE3F1D02}.Release|Any CPU.ActiveCfg = Release|Any CPU
		{379EB7DA-724D-47C2-BD21-D0F5BE3F1D02}.Release|Any CPU.Build.0 = Release|Any CPU
	EndGlobalSection
	GlobalSection(SolutionProperties) = preSolution
		HideSolutionNode = FALSE
	EndGlobalSection
	GlobalSection(ExtensibilityGlobals) = postSolution
		SolutionGuid = {C0C64C4D-E65F-42FA-946A-B9BEE63F6D2B}
	EndGlobalSection
EndGlobal
