
Microsoft Visual Studio Solution File, Format Version 12.00
# Visual Studio 15
VisualStudioVersion = 15.0.28010.2026
MinimumVisualStudioVersion = 10.0.40219.1
Project("{FAE04EC0-301F-11D3-BF4B-00C04F79EFBC}") = "ArduInput", "ArduInput.csproj", "{CDA3A700-B5E3-4572-A7B4-4BEE2B517DFA}"
EndProject
Global
	GlobalSection(SolutionConfigurationPlatforms) = preSolution
		Debug|Any CPU = Debug|Any CPU
		Release|Any CPU = Release|Any CPU
	EndGlobalSection
	GlobalSection(ProjectConfigurationPlatforms) = postSolution
		{CDA3A700-B5E3-4572-A7B4-4BEE2B517DFA}.Debug|Any CPU.ActiveCfg = Debug|Any CPU
		{CDA3A700-B5E3-4572-A7B4-4BEE2B517DFA}.Debug|Any CPU.Build.0 = Debug|Any CPU
		{CDA3A700-B5E3-4572-A7B4-4BEE2B517DFA}.Release|Any CPU.ActiveCfg = Release|Any CPU
		{CDA3A700-B5E3-4572-A7B4-4BEE2B517DFA}.Release|Any CPU.Build.0 = Release|Any CPU
	EndGlobalSection
	GlobalSection(SolutionProperties) = preSolution
		HideSolutionNode = FALSE
	EndGlobalSection
	GlobalSection(ExtensibilityGlobals) = postSolution
		SolutionGuid = {86C0F5EC-1B67-448B-939F-61B8EBBD4700}
	EndGlobalSection
EndGlobal
