
Microsoft Visual Studio Solution File, Format Version 12.00
# Visual Studio 15
VisualStudioVersion = 15.0.27130.2027
MinimumVisualStudioVersion = 10.0.40219.1
Project("{FAE04EC0-301F-11D3-BF4B-00C04F79EFBC}") = "Help_Jakob", "Help_Jakob.csproj", "{DFBF9512-CE43-4F32-BB57-87DF605A8AB7}"
EndProject
Global
	GlobalSection(SolutionConfigurationPlatforms) = preSolution
		Debug|Any CPU = Debug|Any CPU
		Release|Any CPU = Release|Any CPU
	EndGlobalSection
	GlobalSection(ProjectConfigurationPlatforms) = postSolution
		{DFBF9512-CE43-4F32-BB57-87DF605A8AB7}.Debug|Any CPU.ActiveCfg = Debug|Any CPU
		{DFBF9512-CE43-4F32-BB57-87DF605A8AB7}.Debug|Any CPU.Build.0 = Debug|Any CPU
		{DFBF9512-CE43-4F32-BB57-87DF605A8AB7}.Release|Any CPU.ActiveCfg = Release|Any CPU
		{DFBF9512-CE43-4F32-BB57-87DF605A8AB7}.Release|Any CPU.Build.0 = Release|Any CPU
	EndGlobalSection
	GlobalSection(SolutionProperties) = preSolution
		HideSolutionNode = FALSE
	EndGlobalSection
	GlobalSection(ExtensibilityGlobals) = postSolution
		SolutionGuid = {4815D856-C061-4B1D-B30F-585B123AD848}
	EndGlobalSection
EndGlobal
