
Microsoft Visual Studio Solution File, Format Version 12.00
# Visual Studio 15
VisualStudioVersion = 15.0.27703.2000
MinimumVisualStudioVersion = 10.0.40219.1
Project("{FAE04EC0-301F-11D3-BF4B-00C04F79EFBC}") = "ArenaRPG", "ArenaRPG\ArenaRPG.csproj", "{90A7735B-3FA7-4255-BBFB-1DF6FB7BF50A}"
EndProject
Global
	GlobalSection(SolutionConfigurationPlatforms) = preSolution
		Debug|Any CPU = Debug|Any CPU
		Release|Any CPU = Release|Any CPU
	EndGlobalSection
	GlobalSection(ProjectConfigurationPlatforms) = postSolution
		{90A7735B-3FA7-4255-BBFB-1DF6FB7BF50A}.Debug|Any CPU.ActiveCfg = Debug|Any CPU
		{90A7735B-3FA7-4255-BBFB-1DF6FB7BF50A}.Debug|Any CPU.Build.0 = Debug|Any CPU
		{90A7735B-3FA7-4255-BBFB-1DF6FB7BF50A}.Release|Any CPU.ActiveCfg = Release|Any CPU
		{90A7735B-3FA7-4255-BBFB-1DF6FB7BF50A}.Release|Any CPU.Build.0 = Release|Any CPU
	EndGlobalSection
	GlobalSection(SolutionProperties) = preSolution
		HideSolutionNode = FALSE
	EndGlobalSection
	GlobalSection(ExtensibilityGlobals) = postSolution
		SolutionGuid = {2F222314-F846-42EA-908C-DD6E28479089}
	EndGlobalSection
EndGlobal
