
Microsoft Visual Studio Solution File, Format Version 12.00
# Visual Studio 15
VisualStudioVersion = 15.0.26730.10
MinimumVisualStudioVersion = 10.0.40219.1
Project("{FAE04EC0-301F-11D3-BF4B-00C04F79EFBC}") = "DictionaryAssignment", "DictionaryAssignment\DictionaryAssignment.csproj", "{3601D404-D58A-4AB6-B05D-6E409147E910}"
EndProject
Global
	GlobalSection(SolutionConfigurationPlatforms) = preSolution
		Debug|Any CPU = Debug|Any CPU
		Release|Any CPU = Release|Any CPU
	EndGlobalSection
	GlobalSection(ProjectConfigurationPlatforms) = postSolution
		{3601D404-D58A-4AB6-B05D-6E409147E910}.Debug|Any CPU.ActiveCfg = Debug|Any CPU
		{3601D404-D58A-4AB6-B05D-6E409147E910}.Debug|Any CPU.Build.0 = Debug|Any CPU
		{3601D404-D58A-4AB6-B05D-6E409147E910}.Release|Any CPU.ActiveCfg = Release|Any CPU
		{3601D404-D58A-4AB6-B05D-6E409147E910}.Release|Any CPU.Build.0 = Release|Any CPU
	EndGlobalSection
	GlobalSection(SolutionProperties) = preSolution
		HideSolutionNode = FALSE
	EndGlobalSection
	GlobalSection(ExtensibilityGlobals) = postSolution
		SolutionGuid = {DB2AA963-02EE-4DFC-8807-F04160A9C8FA}
	EndGlobalSection
EndGlobal
